
Microsoft Visual Studio Solution File, Format Version 12.00
# Visual Studio 14
VisualStudioVersion = 14.0.25420.1
MinimumVisualStudioVersion = 10.0.40219.1
Project("{FAE04EC0-301F-11D3-BF4B-00C04F79EFBC}") = "Wx.Web", "Wx.Web\Wx.Web.csproj", "{84F6D339-1064-43A2-B9C4-887DC67AAADC}"
EndProject
Project("{FAE04EC0-301F-11D3-BF4B-00C04F79EFBC}") = "Wx.Web.Tests", "Wx.Web.Tests\Wx.Web.Tests.csproj", "{1A09403D-6A1F-49BB-873A-E40D4C3AD17B}"
EndProject
Global
	GlobalSection(SolutionConfigurationPlatforms) = preSolution
		Debug|Any CPU = Debug|Any CPU
		Release|Any CPU = Release|Any CPU
	EndGlobalSection
	GlobalSection(ProjectConfigurationPlatforms) = postSolution
		{84F6D339-1064-43A2-B9C4-887DC67AAADC}.Debug|Any CPU.ActiveCfg = Debug|Any CPU
		{84F6D339-1064-43A2-B9C4-887DC67AAADC}.Debug|Any CPU.Build.0 = Debug|Any CPU
		{84F6D339-1064-43A2-B9C4-887DC67AAADC}.Release|Any CPU.ActiveCfg = Release|Any CPU
		{84F6D339-1064-43A2-B9C4-887DC67AAADC}.Release|Any CPU.Build.0 = Release|Any CPU
		{1A09403D-6A1F-49BB-873A-E40D4C3AD17B}.Debug|Any CPU.ActiveCfg = Debug|Any CPU
		{1A09403D-6A1F-49BB-873A-E40D4C3AD17B}.Debug|Any CPU.Build.0 = Debug|Any CPU
		{1A09403D-6A1F-49BB-873A-E40D4C3AD17B}.Release|Any CPU.ActiveCfg = Release|Any CPU
		{1A09403D-6A1F-49BB-873A-E40D4C3AD17B}.Release|Any CPU.Build.0 = Release|Any CPU
	EndGlobalSection
	GlobalSection(SolutionProperties) = preSolution
		HideSolutionNode = FALSE
	EndGlobalSection
EndGlobal
